
Microsoft Visual Studio Solution File, Format Version 12.00
# Visual Studio Version 16
VisualStudioVersion = 16.0.29306.81
MinimumVisualStudioVersion = 10.0.40219.1
Project("{FAE04EC0-301F-11D3-BF4B-00C04F79EFBC}") = "WindowsFormsApp1", "WindowsFormsApp1.csproj", "{149308D6-CF8F-403D-BF64-CB60A704DB76}"
EndProject
Global
	GlobalSection(SolutionConfigurationPlatforms) = preSolution
		Debug|Any CPU = Debug|Any CPU
		Release|Any CPU = Release|Any CPU
	EndGlobalSection
	GlobalSection(ProjectConfigurationPlatforms) = postSolution
		{149308D6-CF8F-403D-BF64-CB60A704DB76}.Debug|Any CPU.ActiveCfg = Debug|Any CPU
		{149308D6-CF8F-403D-BF64-CB60A704DB76}.Debug|Any CPU.Build.0 = Debug|Any CPU
		{149308D6-CF8F-403D-BF64-CB60A704DB76}.Release|Any CPU.ActiveCfg = Release|Any CPU
		{149308D6-CF8F-403D-BF64-CB60A704DB76}.Release|Any CPU.Build.0 = Release|Any CPU
	EndGlobalSection
	GlobalSection(SolutionProperties) = preSolution
		HideSolutionNode = FALSE
	EndGlobalSection
	GlobalSection(ExtensibilityGlobals) = postSolution
		SolutionGuid = {2FE3C4EB-534B-48EA-B452-09B0B49084A8}
	EndGlobalSection
EndGlobal
